// !$*UTF8*$!
{
	archiveVersion = 1;
	classes = {
	};
	objectVersion = 48;
	objects = {

/* Begin PBXBuildFile section */
		3A12B2D81FFCC780009ED0D8 /* AppDelegate.swift in Sources */ = {isa = PBXBuildFile; fileRef = 3A12B2D71FFCC780009ED0D8 /* AppDelegate.swift */; };
		3A12B2DD1FFCC780009ED0D8 /* Main.storyboard in Resources */ = {isa = PBXBuildFile; fileRef = 3A12B2DB1FFCC780009ED0D8 /* Main.storyboard */; };
		3A12B2DF1FFCC780009ED0D8 /* Assets.xcassets in Resources */ = {isa = PBXBuildFile; fileRef = 3A12B2DE1FFCC780009ED0D8 /* Assets.xcassets */; };
		3A12B2E21FFCC780009ED0D8 /* LaunchScreen.storyboard in Resources */ = {isa = PBXBuildFile; fileRef = 3A12B2E01FFCC780009ED0D8 /* LaunchScreen.storyboard */; };
		3A12B2ED1FFCC781009ED0D8 /* TaskManagerIOSTests.swift in Sources */ = {isa = PBXBuildFile; fileRef = 3A12B2EC1FFCC781009ED0D8 /* TaskManagerIOSTests.swift */; };
		3A12B2F81FFCC781009ED0D8 /* TaskManagerIOSUITests.swift in Sources */ = {isa = PBXBuildFile; fileRef = 3A12B2F71FFCC781009ED0D8 /* TaskManagerIOSUITests.swift */; };
		3A12B3061FFCCD2A009ED0D8 /* LoginViewController.swift in Sources */ = {isa = PBXBuildFile; fileRef = 3A12B3051FFCCD2A009ED0D8 /* LoginViewController.swift */; };
		3A12B3081FFCE9C7009ED0D8 /* NetworkRequest.swift in Sources */ = {isa = PBXBuildFile; fileRef = 3A12B3071FFCE9C7009ED0D8 /* NetworkRequest.swift */; };
		3A12B30A1FFDF5B0009ED0D8 /* Serialization.swift in Sources */ = {isa = PBXBuildFile; fileRef = 3A12B3091FFDF5B0009ED0D8 /* Serialization.swift */; };
		3AB1C8ED200334CF00A0B914 /* Extensions.swift in Sources */ = {isa = PBXBuildFile; fileRef = 3AB1C8EC200334CF00A0B914 /* Extensions.swift */; };
		3AB1C8EF20033A3B00A0B914 /* MenuViewController.swift in Sources */ = {isa = PBXBuildFile; fileRef = 3AB1C8EE20033A3B00A0B914 /* MenuViewController.swift */; };
		3AED064A1FFF959800F1470F /* Session.swift in Sources */ = {isa = PBXBuildFile; fileRef = 3AED06491FFF959800F1470F /* Session.swift */; };
/* End PBXBuildFile section */

/* Begin PBXContainerItemProxy section */
		3A12B2E91FFCC781009ED0D8 /* PBXContainerItemProxy */ = {
			isa = PBXContainerItemProxy;
			containerPortal = 3A12B2CC1FFCC780009ED0D8 /* Project object */;
			proxyType = 1;
			remoteGlobalIDString = 3A12B2D31FFCC780009ED0D8;
			remoteInfo = TaskManagerIOS;
		};
		3A12B2F41FFCC781009ED0D8 /* PBXContainerItemProxy */ = {
			isa = PBXContainerItemProxy;
			containerPortal = 3A12B2CC1FFCC780009ED0D8 /* Project object */;
			proxyType = 1;
			remoteGlobalIDString = 3A12B2D31FFCC780009ED0D8;
			remoteInfo = TaskManagerIOS;
		};
/* End PBXContainerItemProxy section */

/* Begin PBXFileReference section */
		3A12B2D41FFCC780009ED0D8 /* TaskManagerIOS.app */ = {isa = PBXFileReference; explicitFileType = wrapper.application; includeInIndex = 0; path = TaskManagerIOS.app; sourceTree = BUILT_PRODUCTS_DIR; };
		3A12B2D71FFCC780009ED0D8 /* AppDelegate.swift */ = {isa = PBXFileReference; lastKnownFileType = sourcecode.swift; path = AppDelegate.swift; sourceTree = "<group>"; };
		3A12B2DC1FFCC780009ED0D8 /* Base */ = {isa = PBXFileReference; lastKnownFileType = file.storyboard; name = Base; path = Base.lproj/Main.storyboard; sourceTree = "<group>"; };
		3A12B2DE1FFCC780009ED0D8 /* Assets.xcassets */ = {isa = PBXFileReference; lastKnownFileType = folder.assetcatalog; path = Assets.xcassets; sourceTree = "<group>"; };
		3A12B2E11FFCC780009ED0D8 /* Base */ = {isa = PBXFileReference; lastKnownFileType = file.storyboard; name = Base; path = Base.lproj/LaunchScreen.storyboard; sourceTree = "<group>"; };
		3A12B2E31FFCC780009ED0D8 /* Info.plist */ = {isa = PBXFileReference; lastKnownFileType = text.plist.xml; path = Info.plist; sourceTree = "<group>"; };
		3A12B2E81FFCC781009ED0D8 /* TaskManagerIOSTests.xctest */ = {isa = PBXFileReference; explicitFileType = wrapper.cfbundle; includeInIndex = 0; path = TaskManagerIOSTests.xctest; sourceTree = BUILT_PRODUCTS_DIR; };
		3A12B2EC1FFCC781009ED0D8 /* TaskManagerIOSTests.swift */ = {isa = PBXFileReference; lastKnownFileType = sourcecode.swift; path = TaskManagerIOSTests.swift; sourceTree = "<group>"; };
		3A12B2EE1FFCC781009ED0D8 /* Info.plist */ = {isa = PBXFileReference; lastKnownFileType = text.plist.xml; path = Info.plist; sourceTree = "<group>"; };
		3A12B2F31FFCC781009ED0D8 /* TaskManagerIOSUITests.xctest */ = {isa = PBXFileReference; explicitFileType = wrapper.cfbundle; includeInIndex = 0; path = TaskManagerIOSUITests.xctest; sourceTree = BUILT_PRODUCTS_DIR; };
		3A12B2F71FFCC781009ED0D8 /* TaskManagerIOSUITests.swift */ = {isa = PBXFileReference; lastKnownFileType = sourcecode.swift; path = TaskManagerIOSUITests.swift; sourceTree = "<group>"; };
		3A12B2F91FFCC781009ED0D8 /* Info.plist */ = {isa = PBXFileReference; lastKnownFileType = text.plist.xml; path = Info.plist; sourceTree = "<group>"; };
		3A12B3051FFCCD2A009ED0D8 /* LoginViewController.swift */ = {isa = PBXFileReference; lastKnownFileType = sourcecode.swift; name = LoginViewController.swift; path = ViewControllers/LoginViewController.swift; sourceTree = "<group>"; };
		3A12B3071FFCE9C7009ED0D8 /* NetworkRequest.swift */ = {isa = PBXFileReference; lastKnownFileType = sourcecode.swift; path = NetworkRequest.swift; sourceTree = "<group>"; };
		3A12B3091FFDF5B0009ED0D8 /* Serialization.swift */ = {isa = PBXFileReference; lastKnownFileType = sourcecode.swift; path = Serialization.swift; sourceTree = "<group>"; };
		3AB1C8EC200334CF00A0B914 /* Extensions.swift */ = {isa = PBXFileReference; lastKnownFileType = sourcecode.swift; path = Extensions.swift; sourceTree = "<group>"; };
		3AB1C8EE20033A3B00A0B914 /* MenuViewController.swift */ = {isa = PBXFileReference; lastKnownFileType = sourcecode.swift; name = MenuViewController.swift; path = ViewControllers/MenuViewController.swift; sourceTree = "<group>"; };
		3AED06491FFF959800F1470F /* Session.swift */ = {isa = PBXFileReference; lastKnownFileType = sourcecode.swift; path = Session.swift; sourceTree = "<group>"; };
/* End PBXFileReference section */

/* Begin PBXFrameworksBuildPhase section */
		3A12B2D11FFCC780009ED0D8 /* Frameworks */ = {
			isa = PBXFrameworksBuildPhase;
			buildActionMask = 2147483647;
			files = (
			);
			runOnlyForDeploymentPostprocessing = 0;
		};
		3A12B2E51FFCC781009ED0D8 /* Frameworks */ = {
			isa = PBXFrameworksBuildPhase;
			buildActionMask = 2147483647;
			files = (
			);
			runOnlyForDeploymentPostprocessing = 0;
		};
		3A12B2F01FFCC781009ED0D8 /* Frameworks */ = {
			isa = PBXFrameworksBuildPhase;
			buildActionMask = 2147483647;
			files = (
			);
			runOnlyForDeploymentPostprocessing = 0;
		};
/* End PBXFrameworksBuildPhase section */

/* Begin PBXGroup section */
		3A12B2CB1FFCC780009ED0D8 = {
			isa = PBXGroup;
			children = (
				3A12B2D61FFCC780009ED0D8 /* TaskManagerIOS */,
				3A12B2EB1FFCC781009ED0D8 /* TaskManagerIOSTests */,
				3A12B2F61FFCC781009ED0D8 /* TaskManagerIOSUITests */,
				3A12B2D51FFCC780009ED0D8 /* Products */,
			);
			sourceTree = "<group>";
		};
		3A12B2D51FFCC780009ED0D8 /* Products */ = {
			isa = PBXGroup;
			children = (
				3A12B2D41FFCC780009ED0D8 /* TaskManagerIOS.app */,
				3A12B2E81FFCC781009ED0D8 /* TaskManagerIOSTests.xctest */,
				3A12B2F31FFCC781009ED0D8 /* TaskManagerIOSUITests.xctest */,
			);
			name = Products;
			sourceTree = "<group>";
		};
		3A12B2D61FFCC780009ED0D8 /* TaskManagerIOS */ = {
			isa = PBXGroup;
			children = (
				3A12B2D71FFCC780009ED0D8 /* AppDelegate.swift */,
				3A12B3051FFCCD2A009ED0D8 /* LoginViewController.swift */,
				3AB1C8EE20033A3B00A0B914 /* MenuViewController.swift */,
				3A12B3071FFCE9C7009ED0D8 /* NetworkRequest.swift */,
				3AED06491FFF959800F1470F /* Session.swift */,
				3AB1C8EC200334CF00A0B914 /* Extensions.swift */,
				3A12B3091FFDF5B0009ED0D8 /* Serialization.swift */,
				3A12B2DB1FFCC780009ED0D8 /* Main.storyboard */,
				3A12B2DE1FFCC780009ED0D8 /* Assets.xcassets */,
				3A12B2E01FFCC780009ED0D8 /* LaunchScreen.storyboard */,
				3A12B2E31FFCC780009ED0D8 /* Info.plist */,
			);
			path = TaskManagerIOS;
			sourceTree = "<group>";
		};
		3A12B2EB1FFCC781009ED0D8 /* TaskManagerIOSTests */ = {
			isa = PBXGroup;
			children = (
				3A12B2EC1FFCC781009ED0D8 /* TaskManagerIOSTests.swift */,
				3A12B2EE1FFCC781009ED0D8 /* Info.plist */,
			);
			path = TaskManagerIOSTests;
			sourceTree = "<group>";
		};
		3A12B2F61FFCC781009ED0D8 /* TaskManagerIOSUITests */ = {
			isa = PBXGroup;
			children = (
				3A12B2F71FFCC781009ED0D8 /* TaskManagerIOSUITests.swift */,
				3A12B2F91FFCC781009ED0D8 /* Info.plist */,
			);
			path = TaskManagerIOSUITests;
			sourceTree = "<group>";
		};
/* End PBXGroup section */

/* Begin PBXNativeTarget section */
		3A12B2D31FFCC780009ED0D8 /* TaskManagerIOS */ = {
			isa = PBXNativeTarget;
			buildConfigurationList = 3A12B2FC1FFCC781009ED0D8 /* Build configuration list for PBXNativeTarget "TaskManagerIOS" */;
			buildPhases = (
				3A12B2D01FFCC780009ED0D8 /* Sources */,
				3A12B2D11FFCC780009ED0D8 /* Frameworks */,
				3A12B2D21FFCC780009ED0D8 /* Resources */,
			);
			buildRules = (
			);
			dependencies = (
			);
			name = TaskManagerIOS;
			productName = TaskManagerIOS;
			productReference = 3A12B2D41FFCC780009ED0D8 /* TaskManagerIOS.app */;
			productType = "com.apple.product-type.application";
		};
		3A12B2E71FFCC781009ED0D8 /* TaskManagerIOSTests */ = {
			isa = PBXNativeTarget;
			buildConfigurationList = 3A12B2FF1FFCC781009ED0D8 /* Build configuration list for PBXNativeTarget "TaskManagerIOSTests" */;
			buildPhases = (
				3A12B2E41FFCC781009ED0D8 /* Sources */,
				3A12B2E51FFCC781009ED0D8 /* Frameworks */,
				3A12B2E61FFCC781009ED0D8 /* Resources */,
			);
			buildRules = (
			);
			dependencies = (
				3A12B2EA1FFCC781009ED0D8 /* PBXTargetDependency */,
			);
			name = TaskManagerIOSTests;
			productName = TaskManagerIOSTests;
			productReference = 3A12B2E81FFCC781009ED0D8 /* TaskManagerIOSTests.xctest */;
			productType = "com.apple.product-type.bundle.unit-test";
		};
		3A12B2F21FFCC781009ED0D8 /* TaskManagerIOSUITests */ = {
			isa = PBXNativeTarget;
			buildConfigurationList = 3A12B3021FFCC781009ED0D8 /* Build configuration list for PBXNativeTarget "TaskManagerIOSUITests" */;
			buildPhases = (
				3A12B2EF1FFCC781009ED0D8 /* Sources */,
				3A12B2F01FFCC781009ED0D8 /* Frameworks */,
				3A12B2F11FFCC781009ED0D8 /* Resources */,
			);
			buildRules = (
			);
			dependencies = (
				3A12B2F51FFCC781009ED0D8 /* PBXTargetDependency */,
			);
			name = TaskManagerIOSUITests;
			productName = TaskManagerIOSUITests;
			productReference = 3A12B2F31FFCC781009ED0D8 /* TaskManagerIOSUITests.xctest */;
			productType = "com.apple.product-type.bundle.ui-testing";
		};
/* End PBXNativeTarget section */

/* Begin PBXProject section */
		3A12B2CC1FFCC780009ED0D8 /* Project object */ = {
			isa = PBXProject;
			attributes = {
				LastSwiftUpdateCheck = 0920;
				LastUpgradeCheck = 0920;
				ORGANIZATIONNAME = mac;
				TargetAttributes = {
					3A12B2D31FFCC780009ED0D8 = {
						CreatedOnToolsVersion = 9.2;
						ProvisioningStyle = Automatic;
					};
					3A12B2E71FFCC781009ED0D8 = {
						CreatedOnToolsVersion = 9.2;
						ProvisioningStyle = Automatic;
						TestTargetID = 3A12B2D31FFCC780009ED0D8;
					};
					3A12B2F21FFCC781009ED0D8 = {
						CreatedOnToolsVersion = 9.2;
						ProvisioningStyle = Automatic;
						TestTargetID = 3A12B2D31FFCC780009ED0D8;
					};
				};
			};
			buildConfigurationList = 3A12B2CF1FFCC780009ED0D8 /* Build configuration list for PBXProject "TaskManagerIOS" */;
			compatibilityVersion = "Xcode 8.0";
			developmentRegion = en;
			hasScannedForEncodings = 0;
			knownRegions = (
				en,
				Base,
			);
			mainGroup = 3A12B2CB1FFCC780009ED0D8;
			productRefGroup = 3A12B2D51FFCC780009ED0D8 /* Products */;
			projectDirPath = "";
			projectRoot = "";
			targets = (
				3A12B2D31FFCC780009ED0D8 /* TaskManagerIOS */,
				3A12B2E71FFCC781009ED0D8 /* TaskManagerIOSTests */,
				3A12B2F21FFCC781009ED0D8 /* TaskManagerIOSUITests */,
			);
		};
/* End PBXProject section */

/* Begin PBXResourcesBuildPhase section */
		3A12B2D21FFCC780009ED0D8 /* Resources */ = {
			isa = PBXResourcesBuildPhase;
			buildActionMask = 2147483647;
			files = (
				3A12B2E21FFCC780009ED0D8 /* LaunchScreen.storyboard in Resources */,
				3A12B2DF1FFCC780009ED0D8 /* Assets.xcassets in Resources */,
				3A12B2DD1FFCC780009ED0D8 /* Main.storyboard in Resources */,
			);
			runOnlyForDeploymentPostprocessing = 0;
		};
		3A12B2E61FFCC781009ED0D8 /* Resources */ = {
			isa = PBXResourcesBuildPhase;
			buildActionMask = 2147483647;
			files = (
			);
			runOnlyForDeploymentPostprocessing = 0;
		};
		3A12B2F11FFCC781009ED0D8 /* Resources */ = {
			isa = PBXResourcesBuildPhase;
			buildActionMask = 2147483647;
			files = (
			);
			runOnlyForDeploymentPostprocessing = 0;
		};
/* End PBXResourcesBuildPhase section */

/* Begin PBXSourcesBuildPhase section */
		3A12B2D01FFCC780009ED0D8 /* Sources */ = {
			isa = PBXSourcesBuildPhase;
			buildActionMask = 2147483647;
			files = (
				3AED064A1FFF959800F1470F /* Session.swift in Sources */,
				3AB1C8ED200334CF00A0B914 /* Extensions.swift in Sources */,
				3A12B30A1FFDF5B0009ED0D8 /* Serialization.swift in Sources */,
				3AB1C8EF20033A3B00A0B914 /* MenuViewController.swift in Sources */,
				3A12B3061FFCCD2A009ED0D8 /* LoginViewController.swift in Sources */,
				3A12B3081FFCE9C7009ED0D8 /* NetworkRequest.swift in Sources */,
				3A12B2D81FFCC780009ED0D8 /* AppDelegate.swift in Sources */,
			);
			runOnlyForDeploymentPostprocessing = 0;
		};
		3A12B2E41FFCC781009ED0D8 /* Sources */ = {
			isa = PBXSourcesBuildPhase;
			buildActionMask = 2147483647;
			files = (
				3A12B2ED1FFCC781009ED0D8 /* TaskManagerIOSTests.swift in Sources */,
			);
			runOnlyForDeploymentPostprocessing = 0;
		};
		3A12B2EF1FFCC781009ED0D8 /* Sources */ = {
			isa = PBXSourcesBuildPhase;
			buildActionMask = 2147483647;
			files = (
				3A12B2F81FFCC781009ED0D8 /* TaskManagerIOSUITests.swift in Sources */,
			);
			runOnlyForDeploymentPostprocessing = 0;
		};
/* End PBXSourcesBuildPhase section */

/* Begin PBXTargetDependency section */
		3A12B2EA1FFCC781009ED0D8 /* PBXTargetDependency */ = {
			isa = PBXTargetDependency;
			target = 3A12B2D31FFCC780009ED0D8 /* TaskManagerIOS */;
			targetProxy = 3A12B2E91FFCC781009ED0D8 /* PBXContainerItemProxy */;
		};
		3A12B2F51FFCC781009ED0D8 /* PBXTargetDependency */ = {
			isa = PBXTargetDependency;
			target = 3A12B2D31FFCC780009ED0D8 /* TaskManagerIOS */;
			targetProxy = 3A12B2F41FFCC781009ED0D8 /* PBXContainerItemProxy */;
		};
/* End PBXTargetDependency section */

/* Begin PBXVariantGroup section */
		3A12B2DB1FFCC780009ED0D8 /* Main.storyboard */ = {
			isa = PBXVariantGroup;
			children = (
				3A12B2DC1FFCC780009ED0D8 /* Base */,
			);
			name = Main.storyboard;
			sourceTree = "<group>";
		};
		3A12B2E01FFCC780009ED0D8 /* LaunchScreen.storyboard */ = {
			isa = PBXVariantGroup;
			children = (
				3A12B2E11FFCC780009ED0D8 /* Base */,
			);
			name = LaunchScreen.storyboard;
			sourceTree = "<group>";
		};
/* End PBXVariantGroup section */

/* Begin XCBuildConfiguration section */
		3A12B2FA1FFCC781009ED0D8 /* Debug */ = {
			isa = XCBuildConfiguration;
			buildSettings = {
				ALWAYS_SEARCH_USER_PATHS = NO;
				CLANG_ANALYZER_NONNULL = YES;
				CLANG_ANALYZER_NUMBER_OBJECT_CONVERSION = YES_AGGRESSIVE;
				CLANG_CXX_LANGUAGE_STANDARD = "gnu++14";
				CLANG_CXX_LIBRARY = "libc++";
				CLANG_ENABLE_MODULES = YES;
				CLANG_ENABLE_OBJC_ARC = YES;
				CLANG_WARN_BLOCK_CAPTURE_AUTORELEASING = YES;
				CLANG_WARN_BOOL_CONVERSION = YES;
				CLANG_WARN_COMMA = YES;
				CLANG_WARN_CONSTANT_CONVERSION = YES;
				CLANG_WARN_DIRECT_OBJC_ISA_USAGE = YES_ERROR;
				CLANG_WARN_DOCUMENTATION_COMMENTS = YES;
				CLANG_WARN_EMPTY_BODY = YES;
				CLANG_WARN_ENUM_CONVERSION = YES;
				CLANG_WARN_INFINITE_RECURSION = YES;
				CLANG_WARN_INT_CONVERSION = YES;
				CLANG_WARN_NON_LITERAL_NULL_CONVERSION = YES;
				CLANG_WARN_OBJC_LITERAL_CONVERSION = YES;
				CLANG_WARN_OBJC_ROOT_CLASS = YES_ERROR;
				CLANG_WARN_RANGE_LOOP_ANALYSIS = YES;
				CLANG_WARN_STRICT_PROTOTYPES = YES;
				CLANG_WARN_SUSPICIOUS_MOVE = YES;
				CLANG_WARN_UNGUARDED_AVAILABILITY = YES_AGGRESSIVE;
				CLANG_WARN_UNREACHABLE_CODE = YES;
				CLANG_WARN__DUPLICATE_METHOD_MATCH = YES;
				CODE_SIGN_IDENTITY = "iPhone Developer";
				COPY_PHASE_STRIP = NO;
				DEBUG_INFORMATION_FORMAT = dwarf;
				ENABLE_STRICT_OBJC_MSGSEND = YES;
				ENABLE_TESTABILITY = YES;
				GCC_C_LANGUAGE_STANDARD = gnu11;
				GCC_DYNAMIC_NO_PIC = NO;
				GCC_NO_COMMON_BLOCKS = YES;
				GCC_OPTIMIZATION_LEVEL = 0;
				GCC_PREPROCESSOR_DEFINITIONS = (
					"DEBUG=1",
					"$(inherited)",
				);
				GCC_WARN_64_TO_32_BIT_CONVERSION = YES;
				GCC_WARN_ABOUT_RETURN_TYPE = YES_ERROR;
				GCC_WARN_UNDECLARED_SELECTOR = YES;
				GCC_WARN_UNINITIALIZED_AUTOS = YES_AGGRESSIVE;
				GCC_WARN_UNUSED_FUNCTION = YES;
				GCC_WARN_UNUSED_VARIABLE = YES;
				IPHONEOS_DEPLOYMENT_TARGET = 11.2;
				MTL_ENABLE_DEBUG_INFO = YES;
				ONLY_ACTIVE_ARCH = YES;
				SDKROOT = iphoneos;
				SWIFT_ACTIVE_COMPILATION_CONDITIONS = DEBUG;
				SWIFT_OPTIMIZATION_LEVEL = "-Onone";
			};
			name = Debug;
		};
		3A12B2FB1FFCC781009ED0D8 /* Release */ = {
			isa = XCBuildConfiguration;
			buildSettings = {
				ALWAYS_SEARCH_USER_PATHS = NO;
				CLANG_ANALYZER_NONNULL = YES;
				CLANG_ANALYZER_NUMBER_OBJECT_CONVERSION = YES_AGGRESSIVE;
				CLANG_CXX_LANGUAGE_STANDARD = "gnu++14";
				CLANG_CXX_LIBRARY = "libc++";
				CLANG_ENABLE_MODULES = YES;
				CLANG_ENABLE_OBJC_ARC = YES;
				CLANG_WARN_BLOCK_CAPTURE_AUTORELEASING = YES;
				CLANG_WARN_BOOL_CONVERSION = YES;
				CLANG_WARN_COMMA = YES;
				CLANG_WARN_CONSTANT_CONVERSION = YES;
				CLANG_WARN_DIRECT_OBJC_ISA_USAGE = YES_ERROR;
				CLANG_WARN_DOCUMENTATION_COMMENTS = YES;
				CLANG_WARN_EMPTY_BODY = YES;
				CLANG_WARN_ENUM_CONVERSION = YES;
				CLANG_WARN_INFINITE_RECURSION = YES;
				CLANG_WARN_INT_CONVERSION = YES;
				CLANG_WARN_NON_LITERAL_NULL_CONVERSION = YES;
				CLANG_WARN_OBJC_LITERAL_CONVERSION = YES;
				CLANG_WARN_OBJC_ROOT_CLASS = YES_ERROR;
				CLANG_WARN_RANGE_LOOP_ANALYSIS = YES;
				CLANG_WARN_STRICT_PROTOTYPES = YES;
				CLANG_WARN_SUSPICIOUS_MOVE = YES;
				CLANG_WARN_UNGUARDED_AVAILABILITY = YES_AGGRESSIVE;
				CLANG_WARN_UNREACHABLE_CODE = YES;
				CLANG_WARN__DUPLICATE_METHOD_MATCH = YES;
				CODE_SIGN_IDENTITY = "iPhone Developer";
				COPY_PHASE_STRIP = NO;
				DEBUG_INFORMATION_FORMAT = "dwarf-with-dsym";
				ENABLE_NS_ASSERTIONS = NO;
				ENABLE_STRICT_OBJC_MSGSEND = YES;
				GCC_C_LANGUAGE_STANDARD = gnu11;
				GCC_NO_COMMON_BLOCKS = YES;
				GCC_WARN_64_TO_32_BIT_CONVERSION = YES;
				GCC_WARN_ABOUT_RETURN_TYPE = YES_ERROR;
				GCC_WARN_UNDECLARED_SELECTOR = YES;
				GCC_WARN_UNINITIALIZED_AUTOS = YES_AGGRESSIVE;
				GCC_WARN_UNUSED_FUNCTION = YES;
				GCC_WARN_UNUSED_VARIABLE = YES;
				IPHONEOS_DEPLOYMENT_TARGET = 11.2;
				MTL_ENABLE_DEBUG_INFO = NO;
				SDKROOT = iphoneos;
				SWIFT_OPTIMIZATION_LEVEL = "-Owholemodule";
				VALIDATE_PRODUCT = YES;
			};
			name = Release;
		};
		3A12B2FD1FFCC781009ED0D8 /* Debug */ = {
			isa = XCBuildConfiguration;
			buildSettings = {
				ASSETCATALOG_COMPILER_APPICON_NAME = AppIcon;
				CODE_SIGN_STYLE = Automatic;
				DEVELOPMENT_TEAM = B36LY7EQTM;
				INFOPLIST_FILE = TaskManagerIOS/Info.plist;
				LD_RUNPATH_SEARCH_PATHS = "$(inherited) @executable_path/Frameworks";
				PRODUCT_BUNDLE_IDENTIFIER = SA.TaskManagerIOS;
				PRODUCT_NAME = "$(TARGET_NAME)";
				SWIFT_VERSION = 4.0;
				TARGETED_DEVICE_FAMILY = "1,2";
			};
			name = Debug;
		};
		3A12B2FE1FFCC781009ED0D8 /* Release */ = {
			isa = XCBuildConfiguration;
			buildSettings = {
				ASSETCATALOG_COMPILER_APPICON_NAME = AppIcon;
				CODE_SIGN_STYLE = Automatic;
				DEVELOPMENT_TEAM = B36LY7EQTM;
				INFOPLIST_FILE = TaskManagerIOS/Info.plist;
				LD_RUNPATH_SEARCH_PATHS = "$(inherited) @executable_path/Frameworks";
				PRODUCT_BUNDLE_IDENTIFIER = SA.TaskManagerIOS;
				PRODUCT_NAME = "$(TARGET_NAME)";
				SWIFT_VERSION = 4.0;
				TARGETED_DEVICE_FAMILY = "1,2";
			};
			name = Release;
		};
		3A12B3001FFCC781009ED0D8 /* Debug */ = {
			isa = XCBuildConfiguration;
			buildSettings = {
				ALWAYS_EMBED_SWIFT_STANDARD_LIBRARIES = YES;
				BUNDLE_LOADER = "$(TEST_HOST)";
				CODE_SIGN_STYLE = Automatic;
				DEVELOPMENT_TEAM = B36LY7EQTM;
				INFOPLIST_FILE = TaskManagerIOSTests/Info.plist;
				LD_RUNPATH_SEARCH_PATHS = "$(inherited) @executable_path/Frameworks @loader_path/Frameworks";
				PRODUCT_BUNDLE_IDENTIFIER = SA.TaskManagerIOSTests;
				PRODUCT_NAME = "$(TARGET_NAME)";
				SWIFT_VERSION = 4.0;
				TARGETED_DEVICE_FAMILY = "1,2";
				TEST_HOST = "$(BUILT_PRODUCTS_DIR)/TaskManagerIOS.app/TaskManagerIOS";
			};
			name = Debug;
		};
		3A12B3011FFCC781009ED0D8 /* Release */ = {
			isa = XCBuildConfiguration;
			buildSettings = {
				ALWAYS_EMBED_SWIFT_STANDARD_LIBRARIES = YES;
				BUNDLE_LOADER = "$(TEST_HOST)";
				CODE_SIGN_STYLE = Automatic;
				DEVELOPMENT_TEAM = B36LY7EQTM;
				INFOPLIST_FILE = TaskManagerIOSTests/Info.plist;
				LD_RUNPATH_SEARCH_PATHS = "$(inherited) @executable_path/Frameworks @loader_path/Frameworks";
				PRODUCT_BUNDLE_IDENTIFIER = SA.TaskManagerIOSTests;
				PRODUCT_NAME = "$(TARGET_NAME)";
				SWIFT_VERSION = 4.0;
				TARGETED_DEVICE_FAMILY = "1,2";
				TEST_HOST = "$(BUILT_PRODUCTS_DIR)/TaskManagerIOS.app/TaskManagerIOS";
			};
			name = Release;
		};
		3A12B3031FFCC781009ED0D8 /* Debug */ = {
			isa = XCBuildConfiguration;
			buildSettings = {
				ALWAYS_EMBED_SWIFT_STANDARD_LIBRARIES = YES;
				CODE_SIGN_STYLE = Automatic;
				DEVELOPMENT_TEAM = B36LY7EQTM;
				INFOPLIST_FILE = TaskManagerIOSUITests/Info.plist;
				LD_RUNPATH_SEARCH_PATHS = "$(inherited) @executable_path/Frameworks @loader_path/Frameworks";
				PRODUCT_BUNDLE_IDENTIFIER = SA.TaskManagerIOSUITests;
				PRODUCT_NAME = "$(TARGET_NAME)";
				SWIFT_VERSION = 4.0;
				TARGETED_DEVICE_FAMILY = "1,2";
				TEST_TARGET_NAME = TaskManagerIOS;
			};
			name = Debug;
		};
		3A12B3041FFCC781009ED0D8 /* Release */ = {
			isa = XCBuildConfiguration;
			buildSettings = {
				ALWAYS_EMBED_SWIFT_STANDARD_LIBRARIES = YES;
				CODE_SIGN_STYLE = Automatic;
				DEVELOPMENT_TEAM = B36LY7EQTM;
				INFOPLIST_FILE = TaskManagerIOSUITests/Info.plist;
				LD_RUNPATH_SEARCH_PATHS = "$(inherited) @executable_path/Frameworks @loader_path/Frameworks";
				PRODUCT_BUNDLE_IDENTIFIER = SA.TaskManagerIOSUITests;
				PRODUCT_NAME = "$(TARGET_NAME)";
				SWIFT_VERSION = 4.0;
				TARGETED_DEVICE_FAMILY = "1,2";
				TEST_TARGET_NAME = TaskManagerIOS;
			};
			name = Release;
		};
/* End XCBuildConfiguration section */

/* Begin XCConfigurationList section */
		3A12B2CF1FFCC780009ED0D8 /* Build configuration list for PBXProject "TaskManagerIOS" */ = {
			isa = XCConfigurationList;
			buildConfigurations = (
				3A12B2FA1FFCC781009ED0D8 /* Debug */,
				3A12B2FB1FFCC781009ED0D8 /* Release */,
			);
			defaultConfigurationIsVisible = 0;
			defaultConfigurationName = Release;
		};
		3A12B2FC1FFCC781009ED0D8 /* Build configuration list for PBXNativeTarget "TaskManagerIOS" */ = {
			isa = XCConfigurationList;
			buildConfigurations = (
				3A12B2FD1FFCC781009ED0D8 /* Debug */,
				3A12B2FE1FFCC781009ED0D8 /* Release */,
			);
			defaultConfigurationIsVisible = 0;
			defaultConfigurationName = Release;
		};
		3A12B2FF1FFCC781009ED0D8 /* Build configuration list for PBXNativeTarget "TaskManagerIOSTests" */ = {
			isa = XCConfigurationList;
			buildConfigurations = (
				3A12B3001FFCC781009ED0D8 /* Debug */,
				3A12B3011FFCC781009ED0D8 /* Release */,
			);
			defaultConfigurationIsVisible = 0;
			defaultConfigurationName = Release;
		};
		3A12B3021FFCC781009ED0D8 /* Build configuration list for PBXNativeTarget "TaskManagerIOSUITests" */ = {
			isa = XCConfigurationList;
			buildConfigurations = (
				3A12B3031FFCC781009ED0D8 /* Debug */,
				3A12B3041FFCC781009ED0D8 /* Release */,
			);
			defaultConfigurationIsVisible = 0;
			defaultConfigurationName = Release;
		};
/* End XCConfigurationList section */
	};
	rootObject = 3A12B2CC1FFCC780009ED0D8 /* Project object */;
}
